
Microsoft Visual Studio Solution File, Format Version 12.00
# Visual Studio 15
VisualStudioVersion = 15.0.28307.572
MinimumVisualStudioVersion = 10.0.40219.1
Project("{FAE04EC0-301F-11D3-BF4B-00C04F79EFBC}") = "Inventr", "Inventr\Inventr.csproj", "{BCCD6C0E-6B10-496D-90CD-A69E26F1F34B}"
EndProject
Global
	GlobalSection(SolutionConfigurationPlatforms) = preSolution
		Debug|Any CPU = Debug|Any CPU
		Release|Any CPU = Release|Any CPU
	EndGlobalSection
	GlobalSection(ProjectConfigurationPlatforms) = postSolution
		{BCCD6C0E-6B10-496D-90CD-A69E26F1F34B}.Debug|Any CPU.ActiveCfg = Debug|Any CPU
		{BCCD6C0E-6B10-496D-90CD-A69E26F1F34B}.Debug|Any CPU.Build.0 = Debug|Any CPU
		{BCCD6C0E-6B10-496D-90CD-A69E26F1F34B}.Release|Any CPU.ActiveCfg = Release|Any CPU
		{BCCD6C0E-6B10-496D-90CD-A69E26F1F34B}.Release|Any CPU.Build.0 = Release|Any CPU
	EndGlobalSection
	GlobalSection(SolutionProperties) = preSolution
		HideSolutionNode = FALSE
	EndGlobalSection
	GlobalSection(ExtensibilityGlobals) = postSolution
		SolutionGuid = {B3834F2A-1346-48BD-AB9A-11517FE5F7BE}
	EndGlobalSection
EndGlobal
